
Microsoft Visual Studio Solution File, Format Version 12.00
# Visual Studio Version 16
VisualStudioVersion = 16.0.31105.61
MinimumVisualStudioVersion = 10.0.40219.1
Project("{FAE04EC0-301F-11D3-BF4B-00C04F79EFBC}") = "Tips", "Tips\Tips.csproj", "{B6B5BEF6-4C93-4848-88E2-E8955D32B965}"
EndProject
Global
	GlobalSection(SolutionConfigurationPlatforms) = preSolution
		Debug|Any CPU = Debug|Any CPU
		Release|Any CPU = Release|Any CPU
	EndGlobalSection
	GlobalSection(ProjectConfigurationPlatforms) = postSolution
		{B6B5BEF6-4C93-4848-88E2-E8955D32B965}.Debug|Any CPU.ActiveCfg = Debug|Any CPU
		{B6B5BEF6-4C93-4848-88E2-E8955D32B965}.Debug|Any CPU.Build.0 = Debug|Any CPU
		{B6B5BEF6-4C93-4848-88E2-E8955D32B965}.Release|Any CPU.ActiveCfg = Release|Any CPU
		{B6B5BEF6-4C93-4848-88E2-E8955D32B965}.Release|Any CPU.Build.0 = Release|Any CPU
	EndGlobalSection
	GlobalSection(SolutionProperties) = preSolution
		HideSolutionNode = FALSE
	EndGlobalSection
	GlobalSection(ExtensibilityGlobals) = postSolution
		SolutionGuid = {7A1DF7CF-6D29-4275-A999-110A6BAA8D4F}
	EndGlobalSection
EndGlobal
